
Microsoft Visual Studio Solution File, Format Version 12.00
# Visual Studio Version 16
VisualStudioVersion = 16.0.33027.164
MinimumVisualStudioVersion = 10.0.40219.1
Project("{FAE04EC0-301F-11D3-BF4B-00C04F79EFBC}") = "ProEventos", "ProEventos\ProEventos.csproj", "{BC12F9CE-B7C9-427F-8419-71B56C552B7E}"
EndProject
Global
	GlobalSection(SolutionConfigurationPlatforms) = preSolution
		Debug|Any CPU = Debug|Any CPU
		Release|Any CPU = Release|Any CPU
	EndGlobalSection
	GlobalSection(ProjectConfigurationPlatforms) = postSolution
		{BC12F9CE-B7C9-427F-8419-71B56C552B7E}.Debug|Any CPU.ActiveCfg = Debug|Any CPU
		{BC12F9CE-B7C9-427F-8419-71B56C552B7E}.Debug|Any CPU.Build.0 = Debug|Any CPU
		{BC12F9CE-B7C9-427F-8419-71B56C552B7E}.Release|Any CPU.ActiveCfg = Release|Any CPU
		{BC12F9CE-B7C9-427F-8419-71B56C552B7E}.Release|Any CPU.Build.0 = Release|Any CPU
	EndGlobalSection
	GlobalSection(SolutionProperties) = preSolution
		HideSolutionNode = FALSE
	EndGlobalSection
	GlobalSection(ExtensibilityGlobals) = postSolution
		SolutionGuid = {075639C2-E9AC-45EC-B219-FC712C46B577}
	EndGlobalSection
EndGlobal
